{
  "name": "assets",
  "lockfileVersion": 2,
  "requires": true,
  "packages": {
    "": {
      "license": "MIT",
      "dependencies": {
        "highlight.js": "^11.5.0",
        "phoenix": "file:../deps/phoenix",
        "phoenix_html": "file:../deps/phoenix_html",
        "phoenix_live_view": "file:../deps/phoenix_live_view",
        "topbar": "^1.x"
      },
      "devDependencies": {
        "prettier": "^2.6.1"
      }
    },
    "../deps/phoenix": {
      "version": "1.6.11",
      "license": "MIT"
    },
    "../deps/phoenix_html": {
      "version": "3.2.0"
    },
    "../deps/phoenix_live_view": {
      "version": "0.17.11",
      "license": "MIT"
    },
    "node_modules/highlight.js": {
      "version": "11.6.0",
      "resolved": "https://registry.npmjs.org/highlight.js/-/highlight.js-11.6.0.tgz",
      "integrity": "sha512-ig1eqDzJaB0pqEvlPVIpSSyMaO92bH1N2rJpLMN/nX396wTpDA4Eq0uK+7I/2XG17pFaaKE0kjV/XPeGt7Evjw==",
      "engines": {
        "node": ">=12.0.0"
      }
    },
    "node_modules/phoenix": {
      "resolved": "../deps/phoenix",
      "link": true
    },
    "node_modules/phoenix_html": {
      "resolved": "../deps/phoenix_html",
      "link": true
    },
    "node_modules/phoenix_live_view": {
      "resolved": "../deps/phoenix_live_view",
      "link": true
    },
    "node_modules/prettier": {
      "version": "2.7.1",
      "resolved": "https://registry.npmjs.org/prettier/-/prettier-2.7.1.tgz",
      "integrity": "sha512-ujppO+MkdPqoVINuDFDRLClm7D78qbDt0/NR+wp5FqEZOoTNAjPHWj17QRhu7geIHJfcNhRk1XVQmF8Bp3ye+g==",
      "dev": true,
      "bin": {
        "prettier": "bin-prettier.js"
      },
      "engines": {
        "node": ">=10.13.0"
      },
      "funding": {
        "url": "https://github.com/prettier/prettier?sponsor=1"
      }
    },
    "node_modules/topbar": {
      "version": "1.0.1",
      "resolved": "https://registry.npmjs.org/topbar/-/topbar-1.0.1.tgz",
      "integrity": "sha512-HZqQSMBiG29vcjOrqKCM9iGY/h69G5gQH7ae83ZCPz5uPmbQKwK0sMEqzVDBiu64tWHJ+kk9NApECrF+FAAvRA=="
    }
  },
  "dependencies": {
    "highlight.js": {
      "version": "11.6.0",
      "resolved": "https://registry.npmjs.org/highlight.js/-/highlight.js-11.6.0.tgz",
      "integrity": "sha512-ig1eqDzJaB0pqEvlPVIpSSyMaO92bH1N2rJpLMN/nX396wTpDA4Eq0uK+7I/2XG17pFaaKE0kjV/XPeGt7Evjw=="
    },
    "phoenix": {
      "version": "file:../deps/phoenix"
    },
    "phoenix_html": {
      "version": "file:../deps/phoenix_html"
    },
    "phoenix_live_view": {
      "version": "file:../deps/phoenix_live_view"
    },
    "prettier": {
      "version": "2.7.1",
      "resolved": "https://registry.npmjs.org/prettier/-/prettier-2.7.1.tgz",
      "integrity": "sha512-ujppO+MkdPqoVINuDFDRLClm7D78qbDt0/NR+wp5FqEZOoTNAjPHWj17QRhu7geIHJfcNhRk1XVQmF8Bp3ye+g==",
      "dev": true
    },
    "topbar": {
      "version": "1.0.1",
      "resolved": "https://registry.npmjs.org/topbar/-/topbar-1.0.1.tgz",
      "integrity": "sha512-HZqQSMBiG29vcjOrqKCM9iGY/h69G5gQH7ae83ZCPz5uPmbQKwK0sMEqzVDBiu64tWHJ+kk9NApECrF+FAAvRA=="
    }
  }
}
